<Solution>
  <Project Path="src/Knowriva.Api/Knowriva.Api.csproj" />
  <Project Path="src/Knowriva.Application/Knowriva.Application.csproj" />
  <Project Path="src/Knowriva.Domain/Knowriva.Domain.csproj" />
  <Project Path="src/Knowriva.Infrastructure/Knowriva.Infrastructure.csproj" />
</Solution>
